
Microsoft Visual Studio Solution File, Format Version 12.00
# Visual Studio Version 17
VisualStudioVersion = 17.0.32014.148
MinimumVisualStudioVersion = 10.0.40219.1
Project("{FAE04EC0-301F-11D3-BF4B-00C04F79EFBC}") = "Solid_Principles", "Solid_Principles\Solid_Principles.csproj", "{35F90FD3-8DEC-44F8-9FB3-5CC705FEFD67}"
EndProject
Global
	GlobalSection(SolutionConfigurationPlatforms) = preSolution
		Debug|Any CPU = Debug|Any CPU
		Release|Any CPU = Release|Any CPU
	EndGlobalSection
	GlobalSection(ProjectConfigurationPlatforms) = postSolution
		{35F90FD3-8DEC-44F8-9FB3-5CC705FEFD67}.Debug|Any CPU.ActiveCfg = Debug|Any CPU
		{35F90FD3-8DEC-44F8-9FB3-5CC705FEFD67}.Debug|Any CPU.Build.0 = Debug|Any CPU
		{35F90FD3-8DEC-44F8-9FB3-5CC705FEFD67}.Release|Any CPU.ActiveCfg = Release|Any CPU
		{35F90FD3-8DEC-44F8-9FB3-5CC705FEFD67}.Release|Any CPU.Build.0 = Release|Any CPU
	EndGlobalSection
	GlobalSection(SolutionProperties) = preSolution
		HideSolutionNode = FALSE
	EndGlobalSection
	GlobalSection(ExtensibilityGlobals) = postSolution
		SolutionGuid = {3507C420-D79E-4710-883E-19BF376C69F0}
	EndGlobalSection
EndGlobal
